
Microsoft Visual Studio Solution File, Format Version 12.00
# Visual Studio 15
VisualStudioVersion = 15.0.27130.2027
MinimumVisualStudioVersion = 10.0.40219.1
Project("{FAE04EC0-301F-11D3-BF4B-00C04F79EFBC}") = "Cronos Data", "Cronos Data\Cronos Data.csproj", "{E8C6BA14-8C10-4EC7-A916-F4DE0752B8C6}"
EndProject
Global
	GlobalSection(SolutionConfigurationPlatforms) = preSolution
		Debug|Any CPU = Debug|Any CPU
		Release|Any CPU = Release|Any CPU
	EndGlobalSection
	GlobalSection(ProjectConfigurationPlatforms) = postSolution
		{E8C6BA14-8C10-4EC7-A916-F4DE0752B8C6}.Debug|Any CPU.ActiveCfg = Debug|Any CPU
		{E8C6BA14-8C10-4EC7-A916-F4DE0752B8C6}.Debug|Any CPU.Build.0 = Debug|Any CPU
		{E8C6BA14-8C10-4EC7-A916-F4DE0752B8C6}.Release|Any CPU.ActiveCfg = Release|Any CPU
		{E8C6BA14-8C10-4EC7-A916-F4DE0752B8C6}.Release|Any CPU.Build.0 = Release|Any CPU
	EndGlobalSection
	GlobalSection(SolutionProperties) = preSolution
		HideSolutionNode = FALSE
	EndGlobalSection
	GlobalSection(ExtensibilityGlobals) = postSolution
		SolutionGuid = {C513351A-EF88-42BA-9A26-E77BEB9BBDE0}
	EndGlobalSection
EndGlobal
